# THIS IS AN AUTOGENERATED FILE. DO NOT EDIT THIS FILE DIRECTLY.
# yarn lockfile v1


"@types/ramda@^0.24.9":
  version "0.24.9"
  resolved "https://registry.yarnpkg.com/@types/ramda/-/ramda-0.24.9.tgz#5e08e512f38614f2bf09fde6f0bfcc3b2352325b"

ramda@^0.24.1:
  version "0.24.1"
  resolved "https://registry.yarnpkg.com/ramda/-/ramda-0.24.1.tgz#c3b7755197f35b8dc3502228262c4c91ddb6b857"
